
Microsoft Visual Studio Solution File, Format Version 12.00
# Visual Studio Version 16
VisualStudioVersion = 16.0.30413.136
MinimumVisualStudioVersion = 10.0.40219.1
Project("{FAE04EC0-301F-11D3-BF4B-00C04F79EFBC}") = "EggDrop_Kiosk", "EggDrop_Kiosk\EggDrop_Kiosk.csproj", "{4E198857-022B-4BB3-8E4F-D210FFF2B546}"
EndProject
Project("{FAE04EC0-301F-11D3-BF4B-00C04F79EFBC}") = "EggDrop_Kiosk.Core.Home", "EggDrop_Kiosk.Core.Home\EggDrop_Kiosk.Core.Home.csproj", "{32C228EB-29A3-4ED0-969E-4B90AA859D0A}"
EndProject
Global
	GlobalSection(SolutionConfigurationPlatforms) = preSolution
		Debug|Any CPU = Debug|Any CPU
		Release|Any CPU = Release|Any CPU
	EndGlobalSection
	GlobalSection(ProjectConfigurationPlatforms) = postSolution
		{4E198857-022B-4BB3-8E4F-D210FFF2B546}.Debug|Any CPU.ActiveCfg = Debug|Any CPU
		{4E198857-022B-4BB3-8E4F-D210FFF2B546}.Debug|Any CPU.Build.0 = Debug|Any CPU
		{4E198857-022B-4BB3-8E4F-D210FFF2B546}.Release|Any CPU.ActiveCfg = Release|Any CPU
		{4E198857-022B-4BB3-8E4F-D210FFF2B546}.Release|Any CPU.Build.0 = Release|Any CPU
		{32C228EB-29A3-4ED0-969E-4B90AA859D0A}.Debug|Any CPU.ActiveCfg = Debug|Any CPU
		{32C228EB-29A3-4ED0-969E-4B90AA859D0A}.Debug|Any CPU.Build.0 = Debug|Any CPU
		{32C228EB-29A3-4ED0-969E-4B90AA859D0A}.Release|Any CPU.ActiveCfg = Release|Any CPU
		{32C228EB-29A3-4ED0-969E-4B90AA859D0A}.Release|Any CPU.Build.0 = Release|Any CPU
	EndGlobalSection
	GlobalSection(SolutionProperties) = preSolution
		HideSolutionNode = FALSE
	EndGlobalSection
	GlobalSection(ExtensibilityGlobals) = postSolution
		SolutionGuid = {4B3968D7-B6E1-4C77-96D2-D9F6D4BE44EF}
	EndGlobalSection
EndGlobal
